
Microsoft Visual Studio Solution File, Format Version 12.00
# Visual Studio Version 17
VisualStudioVersion = 17.8.34322.80
MinimumVisualStudioVersion = 10.0.40219.1
Project("{9A19103F-16F7-4668-BE54-9A1E7A4F7556}") = "DashBoardMockUp", "DashBoardMockUp.csproj", "{89F2472B-197E-4D2D-ABD4-991B70CDD49C}"
EndProject
Global
	GlobalSection(SolutionConfigurationPlatforms) = preSolution
		Debug|Any CPU = Debug|Any CPU
		Release|Any CPU = Release|Any CPU
	EndGlobalSection
	GlobalSection(ProjectConfigurationPlatforms) = postSolution
		{89F2472B-197E-4D2D-ABD4-991B70CDD49C}.Debug|Any CPU.ActiveCfg = Debug|Any CPU
		{89F2472B-197E-4D2D-ABD4-991B70CDD49C}.Debug|Any CPU.Build.0 = Debug|Any CPU
		{89F2472B-197E-4D2D-ABD4-991B70CDD49C}.Release|Any CPU.ActiveCfg = Release|Any CPU
		{89F2472B-197E-4D2D-ABD4-991B70CDD49C}.Release|Any CPU.Build.0 = Release|Any CPU
	EndGlobalSection
	GlobalSection(SolutionProperties) = preSolution
		HideSolutionNode = FALSE
	EndGlobalSection
	GlobalSection(ExtensibilityGlobals) = postSolution
		SolutionGuid = {62006898-E8BC-4C8A-AF67-15BF11E647DF}
	EndGlobalSection
EndGlobal
